
Microsoft Visual Studio Solution File, Format Version 12.00
# Visual Studio 15
VisualStudioVersion = 15.0.28307.168
MinimumVisualStudioVersion = 10.0.40219.1
Project("{E24C65DC-7377-472B-9ABA-BC803B73C61A}") = "NERDNERDY PROJECT(2)", ".", "{7FF11509-8E45-43F3-AA88-EBA04C3D65BE}"
	ProjectSection(WebsiteProperties) = preProject
		TargetFrameworkMoniker = ".NETFramework,Version%3Dv4.5"
		Debug.AspNetCompiler.VirtualPath = "/localhost_56671"
		Debug.AspNetCompiler.PhysicalPath = "D:\WEB APPLICATIONS\NERDNERDY PROJECT\"
		Debug.AspNetCompiler.TargetPath = "PrecompiledWeb\localhost_56671\"
		Debug.AspNetCompiler.Updateable = "true"
		Debug.AspNetCompiler.ForceOverwrite = "true"
		Debug.AspNetCompiler.FixedNames = "false"
		Debug.AspNetCompiler.Debug = "True"
		Release.AspNetCompiler.VirtualPath = "/localhost_56671"
		Release.AspNetCompiler.PhysicalPath = "D:\WEB APPLICATIONS\NERDNERDY PROJECT\"
		Release.AspNetCompiler.TargetPath = "PrecompiledWeb\localhost_56671\"
		Release.AspNetCompiler.Updateable = "true"
		Release.AspNetCompiler.ForceOverwrite = "true"
		Release.AspNetCompiler.FixedNames = "false"
		Release.AspNetCompiler.Debug = "False"
		VWDPort = "56671"
	EndProjectSection
EndProject
Global
	GlobalSection(SolutionConfigurationPlatforms) = preSolution
		Debug|Any CPU = Debug|Any CPU
	EndGlobalSection
	GlobalSection(ProjectConfigurationPlatforms) = postSolution
		{7FF11509-8E45-43F3-AA88-EBA04C3D65BE}.Debug|Any CPU.ActiveCfg = Debug|Any CPU
		{7FF11509-8E45-43F3-AA88-EBA04C3D65BE}.Debug|Any CPU.Build.0 = Debug|Any CPU
	EndGlobalSection
	GlobalSection(SolutionProperties) = preSolution
		HideSolutionNode = FALSE
	EndGlobalSection
	GlobalSection(ExtensibilityGlobals) = postSolution
		SolutionGuid = {FFC56493-DBA9-44AE-99BB-F5D2D8E52BC5}
	EndGlobalSection
EndGlobal
